
Microsoft Visual Studio Solution File, Format Version 12.00
# Visual Studio Version 17
VisualStudioVersion = 17.1.32407.343
MinimumVisualStudioVersion = 10.0.40219.1
Project("{2150E333-8FDC-42A3-9474-1A3956D46DE8}") = "Solution Items", "Solution Items", "{FA296A17-E917-4DA0-9EC8-A413D0C3B32E}"
	ProjectSection(SolutionItems) = preProject
		.editorconfig = .editorconfig
	EndProjectSection
EndProject
Project("{2150E333-8FDC-42A3-9474-1A3956D46DE8}") = "src", "src", "{313CB56C-DAB3-4553-AE19-B3D024BCF611}"
EndProject
Project("{2150E333-8FDC-42A3-9474-1A3956D46DE8}") = "Core", "Core", "{820E42B4-8529-478B-9FE0-2293D76E62A6}"
EndProject
Project("{2150E333-8FDC-42A3-9474-1A3956D46DE8}") = "Api", "Api", "{279A626A-CDCC-41BF-A9FB-E46014CA294D}"
EndProject
Project("{2150E333-8FDC-42A3-9474-1A3956D46DE8}") = "Infrastructure", "Infrastructure", "{15485A9B-1455-4792-8026-0CF046C1CB5E}"
EndProject
Project("{2150E333-8FDC-42A3-9474-1A3956D46DE8}") = "UI", "UI", "{50F50159-F012-4F6B-B49B-3AD02C8260AA}"
EndProject
Project("{2150E333-8FDC-42A3-9474-1A3956D46DE8}") = "SharedKernel", "SharedKernel", "{2260E89A-5D83-452C-8ED4-19E1C81A8C6F}"
EndProject
Project("{9A19103F-16F7-4668-BE54-9A1E7A4F7556}") = "RC.CA.WebApi", "RC.CA.WebApi\RC.CA.WebApi.csproj", "{A46C9ED2-0E39-4004-B6E4-24F75A578F1F}"
EndProject
Project("{9A19103F-16F7-4668-BE54-9A1E7A4F7556}") = "RC.CA.Application", "RC.CA.Application\RC.CA.Application.csproj", "{8261C5A1-8E79-4719-B0E5-07D4C2BF6A14}"
EndProject
Project("{9A19103F-16F7-4668-BE54-9A1E7A4F7556}") = "RC.CA.Domain", "RC.CA.Domain\RC.CA.Domain.csproj", "{D36DB596-9695-44F7-9FA8-FC1358355866}"
EndProject
Project("{9A19103F-16F7-4668-BE54-9A1E7A4F7556}") = "RC.CA.Infrastructure.Logging", "RC.CA.Infrastructure.Logging\RC.CA.Infrastructure.Logging.csproj", "{A30A588B-9EF7-431F-B46C-B6AF93DFE707}"
EndProject
Project("{9A19103F-16F7-4668-BE54-9A1E7A4F7556}") = "RC.CA.Infrastructure.Persistence", "RC.CA.Infrastructure.Persistence\RC.CA.Infrastructure.Persistence.csproj", "{EC05A262-B650-4DC0-AF09-A5F29A4F47FB}"
EndProject
Project("{9A19103F-16F7-4668-BE54-9A1E7A4F7556}") = "RC.CA.SharedKernel", "RC.CA.SharedKernel\RC.CA.SharedKernel.csproj", "{062CD3C3-9290-436D-B19D-6D71B340A6FE}"
EndProject
Project("{9A19103F-16F7-4668-BE54-9A1E7A4F7556}") = "RC.CA.HealthChecks", "RC.CA.HealthChecks\RC.CA.HealthChecks.csproj", "{5E623AC5-4CCF-4A9C-9262-DB110D6726F4}"
EndProject
Project("{9A19103F-16F7-4668-BE54-9A1E7A4F7556}") = "RC.CA.WebMvc", "RC.CA.WebMvc\RC.CA.WebMvc.csproj", "{CB826A3C-18CD-44FD-8EDC-6AFE4591CDA7}"
EndProject
Project("{2150E333-8FDC-42A3-9474-1A3956D46DE8}") = "Microservices", "Microservices", "{97E28298-3E71-4CEB-B46C-DE4A657670D3}"
EndProject
Project("{9A19103F-16F7-4668-BE54-9A1E7A4F7556}") = "RC.CA.Infrastructure.MessageBus", "RC.CA.Infrastructure.MessageBus\RC.CA.Infrastructure.MessageBus.csproj", "{DA63DE6C-38B0-432E-9CCD-DE20D880D73D}"
EndProject
Project("{2150E333-8FDC-42A3-9474-1A3956D46DE8}") = "Notifications", "Notifications", "{C5631072-0A33-4C73-A789-9E74613C8C6B}"
EndProject
Project("{9A19103F-16F7-4668-BE54-9A1E7A4F7556}") = "RC.CA.Notification.WebApi", "RC.CA.Notification.WebApi\RC.CA.Notification.WebApi.csproj", "{2363CCD2-56DF-49E9-9F2C-CABCECDF351C}"
EndProject
Project("{2150E333-8FDC-42A3-9474-1A3956D46DE8}") = "Tests", "Tests", "{7BD528D6-B01C-46B1-80D3-A3706780D40E}"
EndProject
Project("{9A19103F-16F7-4668-BE54-9A1E7A4F7556}") = "RC.CA.WebApi.Test", "RC.CA.WebApi.Test\RC.CA.WebApi.Test.csproj", "{E73B8244-C8E1-4C62-A609-0A87583EC580}"
EndProject
Project("{9A19103F-16F7-4668-BE54-9A1E7A4F7556}") = "RC.CA.WebApi.Tests.Xunit", "RC.CA.WebApi.Tests.Xunit\RC.CA.WebApi.Tests.Xunit.csproj", "{AE234297-2696-4DD6-BF16-B6A9B4A3B3C9}"
EndProject
Global
	GlobalSection(SolutionConfigurationPlatforms) = preSolution
		Debug|Any CPU = Debug|Any CPU
		Release|Any CPU = Release|Any CPU
	EndGlobalSection
	GlobalSection(ProjectConfigurationPlatforms) = postSolution
		{A46C9ED2-0E39-4004-B6E4-24F75A578F1F}.Debug|Any CPU.ActiveCfg = Debug|Any CPU
		{A46C9ED2-0E39-4004-B6E4-24F75A578F1F}.Debug|Any CPU.Build.0 = Debug|Any CPU
		{A46C9ED2-0E39-4004-B6E4-24F75A578F1F}.Release|Any CPU.ActiveCfg = Release|Any CPU
		{A46C9ED2-0E39-4004-B6E4-24F75A578F1F}.Release|Any CPU.Build.0 = Release|Any CPU
		{8261C5A1-8E79-4719-B0E5-07D4C2BF6A14}.Debug|Any CPU.ActiveCfg = Debug|Any CPU
		{8261C5A1-8E79-4719-B0E5-07D4C2BF6A14}.Debug|Any CPU.Build.0 = Debug|Any CPU
		{8261C5A1-8E79-4719-B0E5-07D4C2BF6A14}.Release|Any CPU.ActiveCfg = Release|Any CPU
		{8261C5A1-8E79-4719-B0E5-07D4C2BF6A14}.Release|Any CPU.Build.0 = Release|Any CPU
		{D36DB596-9695-44F7-9FA8-FC1358355866}.Debug|Any CPU.ActiveCfg = Debug|Any CPU
		{D36DB596-9695-44F7-9FA8-FC1358355866}.Debug|Any CPU.Build.0 = Debug|Any CPU
		{D36DB596-9695-44F7-9FA8-FC1358355866}.Release|Any CPU.ActiveCfg = Release|Any CPU
		{D36DB596-9695-44F7-9FA8-FC1358355866}.Release|Any CPU.Build.0 = Release|Any CPU
		{A30A588B-9EF7-431F-B46C-B6AF93DFE707}.Debug|Any CPU.ActiveCfg = Debug|Any CPU
		{A30A588B-9EF7-431F-B46C-B6AF93DFE707}.Debug|Any CPU.Build.0 = Debug|Any CPU
		{A30A588B-9EF7-431F-B46C-B6AF93DFE707}.Release|Any CPU.ActiveCfg = Release|Any CPU
		{A30A588B-9EF7-431F-B46C-B6AF93DFE707}.Release|Any CPU.Build.0 = Release|Any CPU
		{EC05A262-B650-4DC0-AF09-A5F29A4F47FB}.Debug|Any CPU.ActiveCfg = Debug|Any CPU
		{EC05A262-B650-4DC0-AF09-A5F29A4F47FB}.Debug|Any CPU.Build.0 = Debug|Any CPU
		{EC05A262-B650-4DC0-AF09-A5F29A4F47FB}.Release|Any CPU.ActiveCfg = Release|Any CPU
		{EC05A262-B650-4DC0-AF09-A5F29A4F47FB}.Release|Any CPU.Build.0 = Release|Any CPU
		{062CD3C3-9290-436D-B19D-6D71B340A6FE}.Debug|Any CPU.ActiveCfg = Debug|Any CPU
		{062CD3C3-9290-436D-B19D-6D71B340A6FE}.Debug|Any CPU.Build.0 = Debug|Any CPU
		{062CD3C3-9290-436D-B19D-6D71B340A6FE}.Release|Any CPU.ActiveCfg = Release|Any CPU
		{062CD3C3-9290-436D-B19D-6D71B340A6FE}.Release|Any CPU.Build.0 = Release|Any CPU
		{5E623AC5-4CCF-4A9C-9262-DB110D6726F4}.Debug|Any CPU.ActiveCfg = Debug|Any CPU
		{5E623AC5-4CCF-4A9C-9262-DB110D6726F4}.Debug|Any CPU.Build.0 = Debug|Any CPU
		{5E623AC5-4CCF-4A9C-9262-DB110D6726F4}.Release|Any CPU.ActiveCfg = Release|Any CPU
		{5E623AC5-4CCF-4A9C-9262-DB110D6726F4}.Release|Any CPU.Build.0 = Release|Any CPU
		{CB826A3C-18CD-44FD-8EDC-6AFE4591CDA7}.Debug|Any CPU.ActiveCfg = Debug|Any CPU
		{CB826A3C-18CD-44FD-8EDC-6AFE4591CDA7}.Debug|Any CPU.Build.0 = Debug|Any CPU
		{CB826A3C-18CD-44FD-8EDC-6AFE4591CDA7}.Release|Any CPU.ActiveCfg = Release|Any CPU
		{CB826A3C-18CD-44FD-8EDC-6AFE4591CDA7}.Release|Any CPU.Build.0 = Release|Any CPU
		{DA63DE6C-38B0-432E-9CCD-DE20D880D73D}.Debug|Any CPU.ActiveCfg = Debug|Any CPU
		{DA63DE6C-38B0-432E-9CCD-DE20D880D73D}.Debug|Any CPU.Build.0 = Debug|Any CPU
		{DA63DE6C-38B0-432E-9CCD-DE20D880D73D}.Release|Any CPU.ActiveCfg = Release|Any CPU
		{DA63DE6C-38B0-432E-9CCD-DE20D880D73D}.Release|Any CPU.Build.0 = Release|Any CPU
		{2363CCD2-56DF-49E9-9F2C-CABCECDF351C}.Debug|Any CPU.ActiveCfg = Debug|Any CPU
		{2363CCD2-56DF-49E9-9F2C-CABCECDF351C}.Debug|Any CPU.Build.0 = Debug|Any CPU
		{2363CCD2-56DF-49E9-9F2C-CABCECDF351C}.Release|Any CPU.ActiveCfg = Release|Any CPU
		{2363CCD2-56DF-49E9-9F2C-CABCECDF351C}.Release|Any CPU.Build.0 = Release|Any CPU
		{E73B8244-C8E1-4C62-A609-0A87583EC580}.Debug|Any CPU.ActiveCfg = Debug|Any CPU
		{E73B8244-C8E1-4C62-A609-0A87583EC580}.Debug|Any CPU.Build.0 = Debug|Any CPU
		{E73B8244-C8E1-4C62-A609-0A87583EC580}.Release|Any CPU.ActiveCfg = Release|Any CPU
		{E73B8244-C8E1-4C62-A609-0A87583EC580}.Release|Any CPU.Build.0 = Release|Any CPU
		{AE234297-2696-4DD6-BF16-B6A9B4A3B3C9}.Debug|Any CPU.ActiveCfg = Debug|Any CPU
		{AE234297-2696-4DD6-BF16-B6A9B4A3B3C9}.Debug|Any CPU.Build.0 = Debug|Any CPU
		{AE234297-2696-4DD6-BF16-B6A9B4A3B3C9}.Release|Any CPU.ActiveCfg = Release|Any CPU
		{AE234297-2696-4DD6-BF16-B6A9B4A3B3C9}.Release|Any CPU.Build.0 = Release|Any CPU
	EndGlobalSection
	GlobalSection(SolutionProperties) = preSolution
		HideSolutionNode = FALSE
	EndGlobalSection
	GlobalSection(NestedProjects) = preSolution
		{820E42B4-8529-478B-9FE0-2293D76E62A6} = {313CB56C-DAB3-4553-AE19-B3D024BCF611}
		{279A626A-CDCC-41BF-A9FB-E46014CA294D} = {313CB56C-DAB3-4553-AE19-B3D024BCF611}
		{15485A9B-1455-4792-8026-0CF046C1CB5E} = {313CB56C-DAB3-4553-AE19-B3D024BCF611}
		{50F50159-F012-4F6B-B49B-3AD02C8260AA} = {313CB56C-DAB3-4553-AE19-B3D024BCF611}
		{2260E89A-5D83-452C-8ED4-19E1C81A8C6F} = {313CB56C-DAB3-4553-AE19-B3D024BCF611}
		{A46C9ED2-0E39-4004-B6E4-24F75A578F1F} = {279A626A-CDCC-41BF-A9FB-E46014CA294D}
		{8261C5A1-8E79-4719-B0E5-07D4C2BF6A14} = {820E42B4-8529-478B-9FE0-2293D76E62A6}
		{D36DB596-9695-44F7-9FA8-FC1358355866} = {820E42B4-8529-478B-9FE0-2293D76E62A6}
		{A30A588B-9EF7-431F-B46C-B6AF93DFE707} = {15485A9B-1455-4792-8026-0CF046C1CB5E}
		{EC05A262-B650-4DC0-AF09-A5F29A4F47FB} = {15485A9B-1455-4792-8026-0CF046C1CB5E}
		{062CD3C3-9290-436D-B19D-6D71B340A6FE} = {2260E89A-5D83-452C-8ED4-19E1C81A8C6F}
		{5E623AC5-4CCF-4A9C-9262-DB110D6726F4} = {50F50159-F012-4F6B-B49B-3AD02C8260AA}
		{CB826A3C-18CD-44FD-8EDC-6AFE4591CDA7} = {50F50159-F012-4F6B-B49B-3AD02C8260AA}
		{97E28298-3E71-4CEB-B46C-DE4A657670D3} = {313CB56C-DAB3-4553-AE19-B3D024BCF611}
		{DA63DE6C-38B0-432E-9CCD-DE20D880D73D} = {15485A9B-1455-4792-8026-0CF046C1CB5E}
		{C5631072-0A33-4C73-A789-9E74613C8C6B} = {97E28298-3E71-4CEB-B46C-DE4A657670D3}
		{2363CCD2-56DF-49E9-9F2C-CABCECDF351C} = {C5631072-0A33-4C73-A789-9E74613C8C6B}
		{E73B8244-C8E1-4C62-A609-0A87583EC580} = {7BD528D6-B01C-46B1-80D3-A3706780D40E}
		{AE234297-2696-4DD6-BF16-B6A9B4A3B3C9} = {7BD528D6-B01C-46B1-80D3-A3706780D40E}
	EndGlobalSection
	GlobalSection(ExtensibilityGlobals) = postSolution
		SolutionGuid = {F59B414E-B3B0-4B31-8B03-53371EEF7136}
	EndGlobalSection
EndGlobal
